
Microsoft Visual Studio Solution File, Format Version 12.00
# Visual Studio Version 17
VisualStudioVersion = 17.1.32210.238
MinimumVisualStudioVersion = 10.0.40219.1
Project("{8BC9CEB8-8B4A-11D0-8D11-00A0C91BC942}") = "ticketmachine", "ticketmachine\ticketmachine.vcxproj", "{673F6B2D-FC74-4113-BB9C-821AB994F7B0}"
EndProject
Global
	GlobalSection(SolutionConfigurationPlatforms) = preSolution
		Debug|x64 = Debug|x64
		Debug|x86 = Debug|x86
		Release|x64 = Release|x64
		Release|x86 = Release|x86
	EndGlobalSection
	GlobalSection(ProjectConfigurationPlatforms) = postSolution
		{673F6B2D-FC74-4113-BB9C-821AB994F7B0}.Debug|x64.ActiveCfg = Debug|x64
		{673F6B2D-FC74-4113-BB9C-821AB994F7B0}.Debug|x64.Build.0 = Debug|x64
		{673F6B2D-FC74-4113-BB9C-821AB994F7B0}.Debug|x86.ActiveCfg = Debug|Win32
		{673F6B2D-FC74-4113-BB9C-821AB994F7B0}.Debug|x86.Build.0 = Debug|Win32
		{673F6B2D-FC74-4113-BB9C-821AB994F7B0}.Release|x64.ActiveCfg = Release|x64
		{673F6B2D-FC74-4113-BB9C-821AB994F7B0}.Release|x64.Build.0 = Release|x64
		{673F6B2D-FC74-4113-BB9C-821AB994F7B0}.Release|x86.ActiveCfg = Release|Win32
		{673F6B2D-FC74-4113-BB9C-821AB994F7B0}.Release|x86.Build.0 = Release|Win32
	EndGlobalSection
	GlobalSection(SolutionProperties) = preSolution
		HideSolutionNode = FALSE
	EndGlobalSection
	GlobalSection(ExtensibilityGlobals) = postSolution
		SolutionGuid = {DFD31300-9CDC-46F4-A4B0-641EE51E8DCD}
	EndGlobalSection
EndGlobal
